
Microsoft Visual Studio Solution File, Format Version 12.00
# Visual Studio Version 17
VisualStudioVersion = 17.8.34525.116
MinimumVisualStudioVersion = 10.0.40219.1
Project("{FAE04EC0-301F-11D3-BF4B-00C04F79EFBC}") = "PARCIAL1A", "PARCIAL1A\PARCIAL1A.csproj", "{A096B3E6-1F47-4E5C-AED1-6B2C428BFD36}"
EndProject
Global
	GlobalSection(SolutionConfigurationPlatforms) = preSolution
		Debug|Any CPU = Debug|Any CPU
		Release|Any CPU = Release|Any CPU
	EndGlobalSection
	GlobalSection(ProjectConfigurationPlatforms) = postSolution
		{A096B3E6-1F47-4E5C-AED1-6B2C428BFD36}.Debug|Any CPU.ActiveCfg = Debug|Any CPU
		{A096B3E6-1F47-4E5C-AED1-6B2C428BFD36}.Debug|Any CPU.Build.0 = Debug|Any CPU
		{A096B3E6-1F47-4E5C-AED1-6B2C428BFD36}.Release|Any CPU.ActiveCfg = Release|Any CPU
		{A096B3E6-1F47-4E5C-AED1-6B2C428BFD36}.Release|Any CPU.Build.0 = Release|Any CPU
	EndGlobalSection
	GlobalSection(SolutionProperties) = preSolution
		HideSolutionNode = FALSE
	EndGlobalSection
	GlobalSection(ExtensibilityGlobals) = postSolution
		SolutionGuid = {6B6102C4-7041-4F75-A0A9-409DA508E441}
	EndGlobalSection
EndGlobal
